// !$*UTF8*$!
{
	archiveVersion = 1;
	classes = {
	};
	objectVersion = 55;
	objects = {

/* Begin PBXBuildFile section */
		F026FCF328580DA600C87ABD /* Repository.swift in Sources */ = {isa = PBXBuildFile; fileRef = F026FCF228580DA600C87ABD /* Repository.swift */; };
		F026FCF528580EAE00C87ABD /* HttpClient.swift in Sources */ = {isa = PBXBuildFile; fileRef = F026FCF428580EAE00C87ABD /* HttpClient.swift */; };
		F026FCF92858841700C87ABD /* WeatherInfo.swift in Sources */ = {isa = PBXBuildFile; fileRef = F026FCF82858841700C87ABD /* WeatherInfo.swift */; };
		F026FCFB285890AC00C87ABD /* Coordinate.swift in Sources */ = {isa = PBXBuildFile; fileRef = F026FCFA285890AC00C87ABD /* Coordinate.swift */; };
		F026FCFD285890F800C87ABD /* Weather.swift in Sources */ = {isa = PBXBuildFile; fileRef = F026FCFC285890F800C87ABD /* Weather.swift */; };
		F026FCFF2858911400C87ABD /* Main.swift in Sources */ = {isa = PBXBuildFile; fileRef = F026FCFE2858911400C87ABD /* Main.swift */; };
		F0749CBC2858B29000883FF0 /* WeatherListViewModel.swift in Sources */ = {isa = PBXBuildFile; fileRef = F0749CBB2858B29000883FF0 /* WeatherListViewModel.swift */; };
		F0749CBE2858BFF600883FF0 /* WeatherList.swift in Sources */ = {isa = PBXBuildFile; fileRef = F0749CBD2858BFF600883FF0 /* WeatherList.swift */; };
		F0B278D32859B0D9003510BC /* ImageLoader.swift in Sources */ = {isa = PBXBuildFile; fileRef = F0B278D22859B0D9003510BC /* ImageLoader.swift */; };
		F0B278D52859D7B7003510BC /* WeatherDetailViewModel.swift in Sources */ = {isa = PBXBuildFile; fileRef = F0B278D42859D7B7003510BC /* WeatherDetailViewModel.swift */; };
		F0B278D82859D9A3003510BC /* NSLayoutConstraint+extension.swift in Sources */ = {isa = PBXBuildFile; fileRef = F0B278D72859D9A3003510BC /* NSLayoutConstraint+extension.swift */; };
		F0B2E65528595214003BD268 /* Wind.swift in Sources */ = {isa = PBXBuildFile; fileRef = F0B2E65428595214003BD268 /* Wind.swift */; };
		F0B945A528576BC500DEB33B /* AppDelegate.swift in Sources */ = {isa = PBXBuildFile; fileRef = F0B945A428576BC500DEB33B /* AppDelegate.swift */; };
		F0B945A728576BC500DEB33B /* SceneDelegate.swift in Sources */ = {isa = PBXBuildFile; fileRef = F0B945A628576BC500DEB33B /* SceneDelegate.swift */; };
		F0B945A928576BC500DEB33B /* WeatherListViewController.swift in Sources */ = {isa = PBXBuildFile; fileRef = F0B945A828576BC500DEB33B /* WeatherListViewController.swift */; };
		F0B945AC28576BC500DEB33B /* Main.storyboard in Resources */ = {isa = PBXBuildFile; fileRef = F0B945AA28576BC500DEB33B /* Main.storyboard */; };
		F0B945AE28576BC800DEB33B /* Assets.xcassets in Resources */ = {isa = PBXBuildFile; fileRef = F0B945AD28576BC800DEB33B /* Assets.xcassets */; };
		F0B945B128576BC800DEB33B /* LaunchScreen.storyboard in Resources */ = {isa = PBXBuildFile; fileRef = F0B945AF28576BC800DEB33B /* LaunchScreen.storyboard */; };
		F0B945BC28576BC800DEB33B /* Weather_ForecastTests.swift in Sources */ = {isa = PBXBuildFile; fileRef = F0B945BB28576BC800DEB33B /* Weather_ForecastTests.swift */; };
		F0B945C628576BC800DEB33B /* Weather_ForecastUITests.swift in Sources */ = {isa = PBXBuildFile; fileRef = F0B945C528576BC800DEB33B /* Weather_ForecastUITests.swift */; };
		F0B945C828576BC800DEB33B /* Weather_ForecastUITestsLaunchTests.swift in Sources */ = {isa = PBXBuildFile; fileRef = F0B945C728576BC800DEB33B /* Weather_ForecastUITestsLaunchTests.swift */; };
		F0B945D52857D66000DEB33B /* WeatherDetailViewController.swift in Sources */ = {isa = PBXBuildFile; fileRef = F0B945D42857D66000DEB33B /* WeatherDetailViewController.swift */; };
		F0B945DA2857D85C00DEB33B /* WeatherListCollectionViewCell.swift in Sources */ = {isa = PBXBuildFile; fileRef = F0B945D92857D85C00DEB33B /* WeatherListCollectionViewCell.swift */; };
		F0ED4A0B2859E67C004D4D7C /* GlobalConstants.swift in Sources */ = {isa = PBXBuildFile; fileRef = F0ED4A0A2859E67C004D4D7C /* GlobalConstants.swift */; };
		F0ED4A0D2859EA7A004D4D7C /* Sys.swift in Sources */ = {isa = PBXBuildFile; fileRef = F0ED4A0C2859EA7A004D4D7C /* Sys.swift */; };
		F0ED4A122859F622004D4D7C /* TransitionController.swift in Sources */ = {isa = PBXBuildFile; fileRef = F0ED4A112859F622004D4D7C /* TransitionController.swift */; };
		F0ED4A142859F6A8004D4D7C /* WeatherPresentation.swift in Sources */ = {isa = PBXBuildFile; fileRef = F0ED4A132859F6A8004D4D7C /* WeatherPresentation.swift */; };
		F0ED4A162859F6C3004D4D7C /* WeatherPresentTransitioningAnimator.swift in Sources */ = {isa = PBXBuildFile; fileRef = F0ED4A152859F6C3004D4D7C /* WeatherPresentTransitioningAnimator.swift */; };
		F0ED4A182859F70D004D4D7C /* WeatherDissmissTransitioningAnimator.swift in Sources */ = {isa = PBXBuildFile; fileRef = F0ED4A172859F70D004D4D7C /* WeatherDissmissTransitioningAnimator.swift */; };
		F0ED4A1A2859F76A004D4D7C /* GestureDismissalTransitionController.swift in Sources */ = {isa = PBXBuildFile; fileRef = F0ED4A192859F76A004D4D7C /* GestureDismissalTransitionController.swift */; };
/* End PBXBuildFile section */

/* Begin PBXContainerItemProxy section */
		F0B945B828576BC800DEB33B /* PBXContainerItemProxy */ = {
			isa = PBXContainerItemProxy;
			containerPortal = F0B9459928576BC500DEB33B /* Project object */;
			proxyType = 1;
			remoteGlobalIDString = F0B945A028576BC500DEB33B;
			remoteInfo = Weather_Forecast;
		};
		F0B945C228576BC800DEB33B /* PBXContainerItemProxy */ = {
			isa = PBXContainerItemProxy;
			containerPortal = F0B9459928576BC500DEB33B /* Project object */;
			proxyType = 1;
			remoteGlobalIDString = F0B945A028576BC500DEB33B;
			remoteInfo = Weather_Forecast;
		};
/* End PBXContainerItemProxy section */

/* Begin PBXFileReference section */
		F026FCF228580DA600C87ABD /* Repository.swift */ = {isa = PBXFileReference; lastKnownFileType = sourcecode.swift; path = Repository.swift; sourceTree = "<group>"; };
		F026FCF428580EAE00C87ABD /* HttpClient.swift */ = {isa = PBXFileReference; lastKnownFileType = sourcecode.swift; path = HttpClient.swift; sourceTree = "<group>"; };
		F026FCF82858841700C87ABD /* WeatherInfo.swift */ = {isa = PBXFileReference; lastKnownFileType = sourcecode.swift; path = WeatherInfo.swift; sourceTree = "<group>"; };
		F026FCFA285890AC00C87ABD /* Coordinate.swift */ = {isa = PBXFileReference; lastKnownFileType = sourcecode.swift; path = Coordinate.swift; sourceTree = "<group>"; };
		F026FCFC285890F800C87ABD /* Weather.swift */ = {isa = PBXFileReference; lastKnownFileType = sourcecode.swift; path = Weather.swift; sourceTree = "<group>"; };
		F026FCFE2858911400C87ABD /* Main.swift */ = {isa = PBXFileReference; lastKnownFileType = sourcecode.swift; path = Main.swift; sourceTree = "<group>"; };
		F0749CBB2858B29000883FF0 /* WeatherListViewModel.swift */ = {isa = PBXFileReference; lastKnownFileType = sourcecode.swift; path = WeatherListViewModel.swift; sourceTree = "<group>"; };
		F0749CBD2858BFF600883FF0 /* WeatherList.swift */ = {isa = PBXFileReference; lastKnownFileType = sourcecode.swift; path = WeatherList.swift; sourceTree = "<group>"; };
		F0B278D22859B0D9003510BC /* ImageLoader.swift */ = {isa = PBXFileReference; lastKnownFileType = sourcecode.swift; path = ImageLoader.swift; sourceTree = "<group>"; };
		F0B278D42859D7B7003510BC /* WeatherDetailViewModel.swift */ = {isa = PBXFileReference; lastKnownFileType = sourcecode.swift; path = WeatherDetailViewModel.swift; sourceTree = "<group>"; };
		F0B278D72859D9A3003510BC /* NSLayoutConstraint+extension.swift */ = {isa = PBXFileReference; lastKnownFileType = sourcecode.swift; path = "NSLayoutConstraint+extension.swift"; sourceTree = "<group>"; };
		F0B2E65428595214003BD268 /* Wind.swift */ = {isa = PBXFileReference; lastKnownFileType = sourcecode.swift; path = Wind.swift; sourceTree = "<group>"; };
		F0B945A128576BC500DEB33B /* Weather_Forecast.app */ = {isa = PBXFileReference; explicitFileType = wrapper.application; includeInIndex = 0; path = Weather_Forecast.app; sourceTree = BUILT_PRODUCTS_DIR; };
		F0B945A428576BC500DEB33B /* AppDelegate.swift */ = {isa = PBXFileReference; lastKnownFileType = sourcecode.swift; path = AppDelegate.swift; sourceTree = "<group>"; };
		F0B945A628576BC500DEB33B /* SceneDelegate.swift */ = {isa = PBXFileReference; lastKnownFileType = sourcecode.swift; path = SceneDelegate.swift; sourceTree = "<group>"; };
		F0B945A828576BC500DEB33B /* WeatherListViewController.swift */ = {isa = PBXFileReference; lastKnownFileType = sourcecode.swift; path = WeatherListViewController.swift; sourceTree = "<group>"; };
		F0B945AB28576BC500DEB33B /* Base */ = {isa = PBXFileReference; lastKnownFileType = file.storyboard; name = Base; path = Base.lproj/Main.storyboard; sourceTree = "<group>"; };
		F0B945AD28576BC800DEB33B /* Assets.xcassets */ = {isa = PBXFileReference; lastKnownFileType = folder.assetcatalog; path = Assets.xcassets; sourceTree = "<group>"; };
		F0B945B028576BC800DEB33B /* Base */ = {isa = PBXFileReference; lastKnownFileType = file.storyboard; name = Base; path = Base.lproj/LaunchScreen.storyboard; sourceTree = "<group>"; };
		F0B945B228576BC800DEB33B /* Info.plist */ = {isa = PBXFileReference; lastKnownFileType = text.plist.xml; path = Info.plist; sourceTree = "<group>"; };
		F0B945B728576BC800DEB33B /* Weather_ForecastTests.xctest */ = {isa = PBXFileReference; explicitFileType = wrapper.cfbundle; includeInIndex = 0; path = Weather_ForecastTests.xctest; sourceTree = BUILT_PRODUCTS_DIR; };
		F0B945BB28576BC800DEB33B /* Weather_ForecastTests.swift */ = {isa = PBXFileReference; lastKnownFileType = sourcecode.swift; path = Weather_ForecastTests.swift; sourceTree = "<group>"; };
		F0B945C128576BC800DEB33B /* Weather_ForecastUITests.xctest */ = {isa = PBXFileReference; explicitFileType = wrapper.cfbundle; includeInIndex = 0; path = Weather_ForecastUITests.xctest; sourceTree = BUILT_PRODUCTS_DIR; };
		F0B945C528576BC800DEB33B /* Weather_ForecastUITests.swift */ = {isa = PBXFileReference; lastKnownFileType = sourcecode.swift; path = Weather_ForecastUITests.swift; sourceTree = "<group>"; };
		F0B945C728576BC800DEB33B /* Weather_ForecastUITestsLaunchTests.swift */ = {isa = PBXFileReference; lastKnownFileType = sourcecode.swift; path = Weather_ForecastUITestsLaunchTests.swift; sourceTree = "<group>"; };
		F0B945D42857D66000DEB33B /* WeatherDetailViewController.swift */ = {isa = PBXFileReference; lastKnownFileType = sourcecode.swift; path = WeatherDetailViewController.swift; sourceTree = "<group>"; };
		F0B945D92857D85C00DEB33B /* WeatherListCollectionViewCell.swift */ = {isa = PBXFileReference; lastKnownFileType = sourcecode.swift; path = WeatherListCollectionViewCell.swift; sourceTree = "<group>"; };
		F0ED4A0A2859E67C004D4D7C /* GlobalConstants.swift */ = {isa = PBXFileReference; lastKnownFileType = sourcecode.swift; path = GlobalConstants.swift; sourceTree = "<group>"; };
		F0ED4A0C2859EA7A004D4D7C /* Sys.swift */ = {isa = PBXFileReference; lastKnownFileType = sourcecode.swift; path = Sys.swift; sourceTree = "<group>"; };
		F0ED4A112859F622004D4D7C /* TransitionController.swift */ = {isa = PBXFileReference; lastKnownFileType = sourcecode.swift; path = TransitionController.swift; sourceTree = "<group>"; };
		F0ED4A132859F6A8004D4D7C /* WeatherPresentation.swift */ = {isa = PBXFileReference; lastKnownFileType = sourcecode.swift; path = WeatherPresentation.swift; sourceTree = "<group>"; };
		F0ED4A152859F6C3004D4D7C /* WeatherPresentTransitioningAnimator.swift */ = {isa = PBXFileReference; lastKnownFileType = sourcecode.swift; path = WeatherPresentTransitioningAnimator.swift; sourceTree = "<group>"; };
		F0ED4A172859F70D004D4D7C /* WeatherDissmissTransitioningAnimator.swift */ = {isa = PBXFileReference; lastKnownFileType = sourcecode.swift; path = WeatherDissmissTransitioningAnimator.swift; sourceTree = "<group>"; };
		F0ED4A192859F76A004D4D7C /* GestureDismissalTransitionController.swift */ = {isa = PBXFileReference; lastKnownFileType = sourcecode.swift; path = GestureDismissalTransitionController.swift; sourceTree = "<group>"; };
/* End PBXFileReference section */

/* Begin PBXFrameworksBuildPhase section */
		F0B9459E28576BC500DEB33B /* Frameworks */ = {
			isa = PBXFrameworksBuildPhase;
			buildActionMask = 2147483647;
			files = (
			);
			runOnlyForDeploymentPostprocessing = 0;
		};
		F0B945B428576BC800DEB33B /* Frameworks */ = {
			isa = PBXFrameworksBuildPhase;
			buildActionMask = 2147483647;
			files = (
			);
			runOnlyForDeploymentPostprocessing = 0;
		};
		F0B945BE28576BC800DEB33B /* Frameworks */ = {
			isa = PBXFrameworksBuildPhase;
			buildActionMask = 2147483647;
			files = (
			);
			runOnlyForDeploymentPostprocessing = 0;
		};
/* End PBXFrameworksBuildPhase section */

/* Begin PBXGroup section */
		F026FCF12857FDAE00C87ABD /* VC */ = {
			isa = PBXGroup;
			children = (
				F0B945A828576BC500DEB33B /* WeatherListViewController.swift */,
				F0B945D42857D66000DEB33B /* WeatherDetailViewController.swift */,
			);
			path = VC;
			sourceTree = "<group>";
		};
		F026FCF7285883FD00C87ABD /* Model */ = {
			isa = PBXGroup;
			children = (
				F026FCF82858841700C87ABD /* WeatherInfo.swift */,
				F0ED4A0C2859EA7A004D4D7C /* Sys.swift */,
				F026FCFA285890AC00C87ABD /* Coordinate.swift */,
				F026FCFC285890F800C87ABD /* Weather.swift */,
				F026FCFE2858911400C87ABD /* Main.swift */,
				F0B2E65428595214003BD268 /* Wind.swift */,
				F0749CBD2858BFF600883FF0 /* WeatherList.swift */,
			);
			path = Model;
			sourceTree = "<group>";
		};
		F0B278D62859D995003510BC /* MISC */ = {
			isa = PBXGroup;
			children = (
				F0B278D72859D9A3003510BC /* NSLayoutConstraint+extension.swift */,
				F0ED4A0A2859E67C004D4D7C /* GlobalConstants.swift */,
			);
			path = MISC;
			sourceTree = "<group>";
		};
		F0B9459828576BC500DEB33B = {
			isa = PBXGroup;
			children = (
				F0B945A328576BC500DEB33B /* Weather_Forecast */,
				F0B945BA28576BC800DEB33B /* Weather_ForecastTests */,
				F0B945C428576BC800DEB33B /* Weather_ForecastUITests */,
				F0B945A228576BC500DEB33B /* Products */,
			);
			sourceTree = "<group>";
		};
		F0B945A228576BC500DEB33B /* Products */ = {
			isa = PBXGroup;
			children = (
				F0B945A128576BC500DEB33B /* Weather_Forecast.app */,
				F0B945B728576BC800DEB33B /* Weather_ForecastTests.xctest */,
				F0B945C128576BC800DEB33B /* Weather_ForecastUITests.xctest */,
			);
			name = Products;
			sourceTree = "<group>";
		};
		F0B945A328576BC500DEB33B /* Weather_Forecast */ = {
			isa = PBXGroup;
			children = (
				F0ED4A102859F5EF004D4D7C /* Transition */,
				F0B278D62859D995003510BC /* MISC */,
				F026FCF7285883FD00C87ABD /* Model */,
				F026FCF12857FDAE00C87ABD /* VC */,
				F0B945D72857D7A200DEB33B /* ViewModel */,
				F0B945D62857D79400DEB33B /* View */,
				F0B945D82857D7AB00DEB33B /* Network */,
				F0B945A428576BC500DEB33B /* AppDelegate.swift */,
				F0B945A628576BC500DEB33B /* SceneDelegate.swift */,
				F0B945AA28576BC500DEB33B /* Main.storyboard */,
				F0B945AD28576BC800DEB33B /* Assets.xcassets */,
				F0B945AF28576BC800DEB33B /* LaunchScreen.storyboard */,
				F0B945B228576BC800DEB33B /* Info.plist */,
			);
			path = Weather_Forecast;
			sourceTree = "<group>";
		};
		F0B945BA28576BC800DEB33B /* Weather_ForecastTests */ = {
			isa = PBXGroup;
			children = (
				F0B945BB28576BC800DEB33B /* Weather_ForecastTests.swift */,
			);
			path = Weather_ForecastTests;
			sourceTree = "<group>";
		};
		F0B945C428576BC800DEB33B /* Weather_ForecastUITests */ = {
			isa = PBXGroup;
			children = (
				F0B945C528576BC800DEB33B /* Weather_ForecastUITests.swift */,
				F0B945C728576BC800DEB33B /* Weather_ForecastUITestsLaunchTests.swift */,
			);
			path = Weather_ForecastUITests;
			sourceTree = "<group>";
		};
		F0B945D62857D79400DEB33B /* View */ = {
			isa = PBXGroup;
			children = (
				F0B945D92857D85C00DEB33B /* WeatherListCollectionViewCell.swift */,
			);
			path = View;
			sourceTree = "<group>";
		};
		F0B945D72857D7A200DEB33B /* ViewModel */ = {
			isa = PBXGroup;
			children = (
				F0749CBB2858B29000883FF0 /* WeatherListViewModel.swift */,
				F0B278D42859D7B7003510BC /* WeatherDetailViewModel.swift */,
			);
			path = ViewModel;
			sourceTree = "<group>";
		};
		F0B945D82857D7AB00DEB33B /* Network */ = {
			isa = PBXGroup;
			children = (
				F026FCF228580DA600C87ABD /* Repository.swift */,
				F026FCF428580EAE00C87ABD /* HttpClient.swift */,
				F0B278D22859B0D9003510BC /* ImageLoader.swift */,
			);
			path = Network;
			sourceTree = "<group>";
		};
		F0ED4A102859F5EF004D4D7C /* Transition */ = {
			isa = PBXGroup;
			children = (
				F0ED4A112859F622004D4D7C /* TransitionController.swift */,
				F0ED4A132859F6A8004D4D7C /* WeatherPresentation.swift */,
				F0ED4A152859F6C3004D4D7C /* WeatherPresentTransitioningAnimator.swift */,
				F0ED4A172859F70D004D4D7C /* WeatherDissmissTransitioningAnimator.swift */,
				F0ED4A192859F76A004D4D7C /* GestureDismissalTransitionController.swift */,
			);
			path = Transition;
			sourceTree = "<group>";
		};
/* End PBXGroup section */

/* Begin PBXNativeTarget section */
		F0B945A028576BC500DEB33B /* Weather_Forecast */ = {
			isa = PBXNativeTarget;
			buildConfigurationList = F0B945CB28576BC800DEB33B /* Build configuration list for PBXNativeTarget "Weather_Forecast" */;
			buildPhases = (
				F0B9459D28576BC500DEB33B /* Sources */,
				F0B9459E28576BC500DEB33B /* Frameworks */,
				F0B9459F28576BC500DEB33B /* Resources */,
			);
			buildRules = (
			);
			dependencies = (
			);
			name = Weather_Forecast;
			productName = Weather_Forecast;
			productReference = F0B945A128576BC500DEB33B /* Weather_Forecast.app */;
			productType = "com.apple.product-type.application";
		};
		F0B945B628576BC800DEB33B /* Weather_ForecastTests */ = {
			isa = PBXNativeTarget;
			buildConfigurationList = F0B945CE28576BC800DEB33B /* Build configuration list for PBXNativeTarget "Weather_ForecastTests" */;
			buildPhases = (
				F0B945B328576BC800DEB33B /* Sources */,
				F0B945B428576BC800DEB33B /* Frameworks */,
				F0B945B528576BC800DEB33B /* Resources */,
			);
			buildRules = (
			);
			dependencies = (
				F0B945B928576BC800DEB33B /* PBXTargetDependency */,
			);
			name = Weather_ForecastTests;
			productName = Weather_ForecastTests;
			productReference = F0B945B728576BC800DEB33B /* Weather_ForecastTests.xctest */;
			productType = "com.apple.product-type.bundle.unit-test";
		};
		F0B945C028576BC800DEB33B /* Weather_ForecastUITests */ = {
			isa = PBXNativeTarget;
			buildConfigurationList = F0B945D128576BC800DEB33B /* Build configuration list for PBXNativeTarget "Weather_ForecastUITests" */;
			buildPhases = (
				F0B945BD28576BC800DEB33B /* Sources */,
				F0B945BE28576BC800DEB33B /* Frameworks */,
				F0B945BF28576BC800DEB33B /* Resources */,
			);
			buildRules = (
			);
			dependencies = (
				F0B945C328576BC800DEB33B /* PBXTargetDependency */,
			);
			name = Weather_ForecastUITests;
			productName = Weather_ForecastUITests;
			productReference = F0B945C128576BC800DEB33B /* Weather_ForecastUITests.xctest */;
			productType = "com.apple.product-type.bundle.ui-testing";
		};
/* End PBXNativeTarget section */

/* Begin PBXProject section */
		F0B9459928576BC500DEB33B /* Project object */ = {
			isa = PBXProject;
			attributes = {
				BuildIndependentTargetsInParallel = 1;
				LastSwiftUpdateCheck = 1340;
				LastUpgradeCheck = 1340;
				TargetAttributes = {
					F0B945A028576BC500DEB33B = {
						CreatedOnToolsVersion = 13.4;
					};
					F0B945B628576BC800DEB33B = {
						CreatedOnToolsVersion = 13.4;
						TestTargetID = F0B945A028576BC500DEB33B;
					};
					F0B945C028576BC800DEB33B = {
						CreatedOnToolsVersion = 13.4;
						TestTargetID = F0B945A028576BC500DEB33B;
					};
				};
			};
			buildConfigurationList = F0B9459C28576BC500DEB33B /* Build configuration list for PBXProject "Weather_Forecast" */;
			compatibilityVersion = "Xcode 13.0";
			developmentRegion = en;
			hasScannedForEncodings = 0;
			knownRegions = (
				en,
				Base,
			);
			mainGroup = F0B9459828576BC500DEB33B;
			productRefGroup = F0B945A228576BC500DEB33B /* Products */;
			projectDirPath = "";
			projectRoot = "";
			targets = (
				F0B945A028576BC500DEB33B /* Weather_Forecast */,
				F0B945B628576BC800DEB33B /* Weather_ForecastTests */,
				F0B945C028576BC800DEB33B /* Weather_ForecastUITests */,
			);
		};
/* End PBXProject section */

/* Begin PBXResourcesBuildPhase section */
		F0B9459F28576BC500DEB33B /* Resources */ = {
			isa = PBXResourcesBuildPhase;
			buildActionMask = 2147483647;
			files = (
				F0B945B128576BC800DEB33B /* LaunchScreen.storyboard in Resources */,
				F0B945AE28576BC800DEB33B /* Assets.xcassets in Resources */,
				F0B945AC28576BC500DEB33B /* Main.storyboard in Resources */,
			);
			runOnlyForDeploymentPostprocessing = 0;
		};
		F0B945B528576BC800DEB33B /* Resources */ = {
			isa = PBXResourcesBuildPhase;
			buildActionMask = 2147483647;
			files = (
			);
			runOnlyForDeploymentPostprocessing = 0;
		};
		F0B945BF28576BC800DEB33B /* Resources */ = {
			isa = PBXResourcesBuildPhase;
			buildActionMask = 2147483647;
			files = (
			);
			runOnlyForDeploymentPostprocessing = 0;
		};
/* End PBXResourcesBuildPhase section */

/* Begin PBXSourcesBuildPhase section */
		F0B9459D28576BC500DEB33B /* Sources */ = {
			isa = PBXSourcesBuildPhase;
			buildActionMask = 2147483647;
			files = (
				F026FCF92858841700C87ABD /* WeatherInfo.swift in Sources */,
				F0ED4A142859F6A8004D4D7C /* WeatherPresentation.swift in Sources */,
				F0B945DA2857D85C00DEB33B /* WeatherListCollectionViewCell.swift in Sources */,
				F0B278D32859B0D9003510BC /* ImageLoader.swift in Sources */,
				F0B945A928576BC500DEB33B /* WeatherListViewController.swift in Sources */,
				F026FCFF2858911400C87ABD /* Main.swift in Sources */,
				F0B945A528576BC500DEB33B /* AppDelegate.swift in Sources */,
				F0B278D52859D7B7003510BC /* WeatherDetailViewModel.swift in Sources */,
				F0ED4A162859F6C3004D4D7C /* WeatherPresentTransitioningAnimator.swift in Sources */,
				F0ED4A182859F70D004D4D7C /* WeatherDissmissTransitioningAnimator.swift in Sources */,
				F0749CBE2858BFF600883FF0 /* WeatherList.swift in Sources */,
				F0ED4A122859F622004D4D7C /* TransitionController.swift in Sources */,
				F0ED4A1A2859F76A004D4D7C /* GestureDismissalTransitionController.swift in Sources */,
				F026FCFD285890F800C87ABD /* Weather.swift in Sources */,
				F0B945D52857D66000DEB33B /* WeatherDetailViewController.swift in Sources */,
				F026FCFB285890AC00C87ABD /* Coordinate.swift in Sources */,
				F0ED4A0B2859E67C004D4D7C /* GlobalConstants.swift in Sources */,
				F0B2E65528595214003BD268 /* Wind.swift in Sources */,
				F026FCF528580EAE00C87ABD /* HttpClient.swift in Sources */,
				F0ED4A0D2859EA7A004D4D7C /* Sys.swift in Sources */,
				F0749CBC2858B29000883FF0 /* WeatherListViewModel.swift in Sources */,
				F0B945A728576BC500DEB33B /* SceneDelegate.swift in Sources */,
				F0B278D82859D9A3003510BC /* NSLayoutConstraint+extension.swift in Sources */,
				F026FCF328580DA600C87ABD /* Repository.swift in Sources */,
			);
			runOnlyForDeploymentPostprocessing = 0;
		};
		F0B945B328576BC800DEB33B /* Sources */ = {
			isa = PBXSourcesBuildPhase;
			buildActionMask = 2147483647;
			files = (
				F0B945BC28576BC800DEB33B /* Weather_ForecastTests.swift in Sources */,
			);
			runOnlyForDeploymentPostprocessing = 0;
		};
		F0B945BD28576BC800DEB33B /* Sources */ = {
			isa = PBXSourcesBuildPhase;
			buildActionMask = 2147483647;
			files = (
				F0B945C828576BC800DEB33B /* Weather_ForecastUITestsLaunchTests.swift in Sources */,
				F0B945C628576BC800DEB33B /* Weather_ForecastUITests.swift in Sources */,
			);
			runOnlyForDeploymentPostprocessing = 0;
		};
/* End PBXSourcesBuildPhase section */

/* Begin PBXTargetDependency section */
		F0B945B928576BC800DEB33B /* PBXTargetDependency */ = {
			isa = PBXTargetDependency;
			target = F0B945A028576BC500DEB33B /* Weather_Forecast */;
			targetProxy = F0B945B828576BC800DEB33B /* PBXContainerItemProxy */;
		};
		F0B945C328576BC800DEB33B /* PBXTargetDependency */ = {
			isa = PBXTargetDependency;
			target = F0B945A028576BC500DEB33B /* Weather_Forecast */;
			targetProxy = F0B945C228576BC800DEB33B /* PBXContainerItemProxy */;
		};
/* End PBXTargetDependency section */

/* Begin PBXVariantGroup section */
		F0B945AA28576BC500DEB33B /* Main.storyboard */ = {
			isa = PBXVariantGroup;
			children = (
				F0B945AB28576BC500DEB33B /* Base */,
			);
			name = Main.storyboard;
			sourceTree = "<group>";
		};
		F0B945AF28576BC800DEB33B /* LaunchScreen.storyboard */ = {
			isa = PBXVariantGroup;
			children = (
				F0B945B028576BC800DEB33B /* Base */,
			);
			name = LaunchScreen.storyboard;
			sourceTree = "<group>";
		};
/* End PBXVariantGroup section */

/* Begin XCBuildConfiguration section */
		F0B945C928576BC800DEB33B /* Debug */ = {
			isa = XCBuildConfiguration;
			buildSettings = {
				ALWAYS_SEARCH_USER_PATHS = NO;
				CLANG_ANALYZER_NONNULL = YES;
				CLANG_ANALYZER_NUMBER_OBJECT_CONVERSION = YES_AGGRESSIVE;
				CLANG_CXX_LANGUAGE_STANDARD = "gnu++17";
				CLANG_ENABLE_MODULES = YES;
				CLANG_ENABLE_OBJC_ARC = YES;
				CLANG_ENABLE_OBJC_WEAK = YES;
				CLANG_WARN_BLOCK_CAPTURE_AUTORELEASING = YES;
				CLANG_WARN_BOOL_CONVERSION = YES;
				CLANG_WARN_COMMA = YES;
				CLANG_WARN_CONSTANT_CONVERSION = YES;
				CLANG_WARN_DEPRECATED_OBJC_IMPLEMENTATIONS = YES;
				CLANG_WARN_DIRECT_OBJC_ISA_USAGE = YES_ERROR;
				CLANG_WARN_DOCUMENTATION_COMMENTS = YES;
				CLANG_WARN_EMPTY_BODY = YES;
				CLANG_WARN_ENUM_CONVERSION = YES;
				CLANG_WARN_INFINITE_RECURSION = YES;
				CLANG_WARN_INT_CONVERSION = YES;
				CLANG_WARN_NON_LITERAL_NULL_CONVERSION = YES;
				CLANG_WARN_OBJC_IMPLICIT_RETAIN_SELF = YES;
				CLANG_WARN_OBJC_LITERAL_CONVERSION = YES;
				CLANG_WARN_OBJC_ROOT_CLASS = YES_ERROR;
				CLANG_WARN_QUOTED_INCLUDE_IN_FRAMEWORK_HEADER = YES;
				CLANG_WARN_RANGE_LOOP_ANALYSIS = YES;
				CLANG_WARN_STRICT_PROTOTYPES = YES;
				CLANG_WARN_SUSPICIOUS_MOVE = YES;
				CLANG_WARN_UNGUARDED_AVAILABILITY = YES_AGGRESSIVE;
				CLANG_WARN_UNREACHABLE_CODE = YES;
				CLANG_WARN__DUPLICATE_METHOD_MATCH = YES;
				COPY_PHASE_STRIP = NO;
				DEBUG_INFORMATION_FORMAT = dwarf;
				ENABLE_STRICT_OBJC_MSGSEND = YES;
				ENABLE_TESTABILITY = YES;
				GCC_C_LANGUAGE_STANDARD = gnu11;
				GCC_DYNAMIC_NO_PIC = NO;
				GCC_NO_COMMON_BLOCKS = YES;
				GCC_OPTIMIZATION_LEVEL = 0;
				GCC_PREPROCESSOR_DEFINITIONS = (
					"DEBUG=1",
					"$(inherited)",
				);
				GCC_WARN_64_TO_32_BIT_CONVERSION = YES;
				GCC_WARN_ABOUT_RETURN_TYPE = YES_ERROR;
				GCC_WARN_UNDECLARED_SELECTOR = YES;
				GCC_WARN_UNINITIALIZED_AUTOS = YES_AGGRESSIVE;
				GCC_WARN_UNUSED_FUNCTION = YES;
				GCC_WARN_UNUSED_VARIABLE = YES;
				IPHONEOS_DEPLOYMENT_TARGET = 15.5;
				MTL_ENABLE_DEBUG_INFO = INCLUDE_SOURCE;
				MTL_FAST_MATH = YES;
				ONLY_ACTIVE_ARCH = YES;
				SDKROOT = iphoneos;
				SWIFT_ACTIVE_COMPILATION_CONDITIONS = DEBUG;
				SWIFT_OPTIMIZATION_LEVEL = "-Onone";
			};
			name = Debug;
		};
		F0B945CA28576BC800DEB33B /* Release */ = {
			isa = XCBuildConfiguration;
			buildSettings = {
				ALWAYS_SEARCH_USER_PATHS = NO;
				CLANG_ANALYZER_NONNULL = YES;
				CLANG_ANALYZER_NUMBER_OBJECT_CONVERSION = YES_AGGRESSIVE;
				CLANG_CXX_LANGUAGE_STANDARD = "gnu++17";
				CLANG_ENABLE_MODULES = YES;
				CLANG_ENABLE_OBJC_ARC = YES;
				CLANG_ENABLE_OBJC_WEAK = YES;
				CLANG_WARN_BLOCK_CAPTURE_AUTORELEASING = YES;
				CLANG_WARN_BOOL_CONVERSION = YES;
				CLANG_WARN_COMMA = YES;
				CLANG_WARN_CONSTANT_CONVERSION = YES;
				CLANG_WARN_DEPRECATED_OBJC_IMPLEMENTATIONS = YES;
				CLANG_WARN_DIRECT_OBJC_ISA_USAGE = YES_ERROR;
				CLANG_WARN_DOCUMENTATION_COMMENTS = YES;
				CLANG_WARN_EMPTY_BODY = YES;
				CLANG_WARN_ENUM_CONVERSION = YES;
				CLANG_WARN_INFINITE_RECURSION = YES;
				CLANG_WARN_INT_CONVERSION = YES;
				CLANG_WARN_NON_LITERAL_NULL_CONVERSION = YES;
				CLANG_WARN_OBJC_IMPLICIT_RETAIN_SELF = YES;
				CLANG_WARN_OBJC_LITERAL_CONVERSION = YES;
				CLANG_WARN_OBJC_ROOT_CLASS = YES_ERROR;
				CLANG_WARN_QUOTED_INCLUDE_IN_FRAMEWORK_HEADER = YES;
				CLANG_WARN_RANGE_LOOP_ANALYSIS = YES;
				CLANG_WARN_STRICT_PROTOTYPES = YES;
				CLANG_WARN_SUSPICIOUS_MOVE = YES;
				CLANG_WARN_UNGUARDED_AVAILABILITY = YES_AGGRESSIVE;
				CLANG_WARN_UNREACHABLE_CODE = YES;
				CLANG_WARN__DUPLICATE_METHOD_MATCH = YES;
				COPY_PHASE_STRIP = NO;
				DEBUG_INFORMATION_FORMAT = "dwarf-with-dsym";
				ENABLE_NS_ASSERTIONS = NO;
				ENABLE_STRICT_OBJC_MSGSEND = YES;
				GCC_C_LANGUAGE_STANDARD = gnu11;
				GCC_NO_COMMON_BLOCKS = YES;
				GCC_WARN_64_TO_32_BIT_CONVERSION = YES;
				GCC_WARN_ABOUT_RETURN_TYPE = YES_ERROR;
				GCC_WARN_UNDECLARED_SELECTOR = YES;
				GCC_WARN_UNINITIALIZED_AUTOS = YES_AGGRESSIVE;
				GCC_WARN_UNUSED_FUNCTION = YES;
				GCC_WARN_UNUSED_VARIABLE = YES;
				IPHONEOS_DEPLOYMENT_TARGET = 15.5;
				MTL_ENABLE_DEBUG_INFO = NO;
				MTL_FAST_MATH = YES;
				SDKROOT = iphoneos;
				SWIFT_COMPILATION_MODE = wholemodule;
				SWIFT_OPTIMIZATION_LEVEL = "-O";
				VALIDATE_PRODUCT = YES;
			};
			name = Release;
		};
		F0B945CC28576BC800DEB33B /* Debug */ = {
			isa = XCBuildConfiguration;
			buildSettings = {
				ASSETCATALOG_COMPILER_APPICON_NAME = AppIcon;
				ASSETCATALOG_COMPILER_GLOBAL_ACCENT_COLOR_NAME = AccentColor;
				CODE_SIGN_STYLE = Automatic;
				CURRENT_PROJECT_VERSION = 1;
				DEVELOPMENT_TEAM = QA5P85RJWN;
				GENERATE_INFOPLIST_FILE = YES;
				INFOPLIST_FILE = Weather_Forecast/Info.plist;
				INFOPLIST_KEY_UIApplicationSupportsIndirectInputEvents = YES;
				INFOPLIST_KEY_UILaunchStoryboardName = LaunchScreen;
				INFOPLIST_KEY_UIMainStoryboardFile = Main;
				INFOPLIST_KEY_UISupportedInterfaceOrientations_iPad = "UIInterfaceOrientationPortrait UIInterfaceOrientationPortraitUpsideDown UIInterfaceOrientationLandscapeLeft UIInterfaceOrientationLandscapeRight";
				INFOPLIST_KEY_UISupportedInterfaceOrientations_iPhone = "UIInterfaceOrientationPortrait UIInterfaceOrientationLandscapeLeft UIInterfaceOrientationLandscapeRight";
				LD_RUNPATH_SEARCH_PATHS = (
					"$(inherited)",
					"@executable_path/Frameworks",
				);
				MARKETING_VERSION = 1.0;
				PRODUCT_BUNDLE_IDENTIFIER = "com.suy.Weather-Forecast";
				PRODUCT_NAME = "$(TARGET_NAME)";
				SWIFT_EMIT_LOC_STRINGS = YES;
				SWIFT_VERSION = 5.0;
				TARGETED_DEVICE_FAMILY = "1,2";
			};
			name = Debug;
		};
		F0B945CD28576BC800DEB33B /* Release */ = {
			isa = XCBuildConfiguration;
			buildSettings = {
				ASSETCATALOG_COMPILER_APPICON_NAME = AppIcon;
				ASSETCATALOG_COMPILER_GLOBAL_ACCENT_COLOR_NAME = AccentColor;
				CODE_SIGN_STYLE = Automatic;
				CURRENT_PROJECT_VERSION = 1;
				DEVELOPMENT_TEAM = QA5P85RJWN;
				GENERATE_INFOPLIST_FILE = YES;
				INFOPLIST_FILE = Weather_Forecast/Info.plist;
				INFOPLIST_KEY_UIApplicationSupportsIndirectInputEvents = YES;
				INFOPLIST_KEY_UILaunchStoryboardName = LaunchScreen;
				INFOPLIST_KEY_UIMainStoryboardFile = Main;
				INFOPLIST_KEY_UISupportedInterfaceOrientations_iPad = "UIInterfaceOrientationPortrait UIInterfaceOrientationPortraitUpsideDown UIInterfaceOrientationLandscapeLeft UIInterfaceOrientationLandscapeRight";
				INFOPLIST_KEY_UISupportedInterfaceOrientations_iPhone = "UIInterfaceOrientationPortrait UIInterfaceOrientationLandscapeLeft UIInterfaceOrientationLandscapeRight";
				LD_RUNPATH_SEARCH_PATHS = (
					"$(inherited)",
					"@executable_path/Frameworks",
				);
				MARKETING_VERSION = 1.0;
				PRODUCT_BUNDLE_IDENTIFIER = "com.suy.Weather-Forecast";
				PRODUCT_NAME = "$(TARGET_NAME)";
				SWIFT_EMIT_LOC_STRINGS = YES;
				SWIFT_VERSION = 5.0;
				TARGETED_DEVICE_FAMILY = "1,2";
			};
			name = Release;
		};
		F0B945CF28576BC800DEB33B /* Debug */ = {
			isa = XCBuildConfiguration;
			buildSettings = {
				ALWAYS_EMBED_SWIFT_STANDARD_LIBRARIES = YES;
				BUNDLE_LOADER = "$(TEST_HOST)";
				CODE_SIGN_STYLE = Automatic;
				CURRENT_PROJECT_VERSION = 1;
				DEVELOPMENT_TEAM = QA5P85RJWN;
				GENERATE_INFOPLIST_FILE = YES;
				IPHONEOS_DEPLOYMENT_TARGET = 15.5;
				MARKETING_VERSION = 1.0;
				PRODUCT_BUNDLE_IDENTIFIER = "com.suy.Weather-ForecastTests";
				PRODUCT_NAME = "$(TARGET_NAME)";
				SWIFT_EMIT_LOC_STRINGS = NO;
				SWIFT_VERSION = 5.0;
				TARGETED_DEVICE_FAMILY = "1,2";
				TEST_HOST = "$(BUILT_PRODUCTS_DIR)/Weather_Forecast.app/Weather_Forecast";
			};
			name = Debug;
		};
		F0B945D028576BC800DEB33B /* Release */ = {
			isa = XCBuildConfiguration;
			buildSettings = {
				ALWAYS_EMBED_SWIFT_STANDARD_LIBRARIES = YES;
				BUNDLE_LOADER = "$(TEST_HOST)";
				CODE_SIGN_STYLE = Automatic;
				CURRENT_PROJECT_VERSION = 1;
				DEVELOPMENT_TEAM = QA5P85RJWN;
				GENERATE_INFOPLIST_FILE = YES;
				IPHONEOS_DEPLOYMENT_TARGET = 15.5;
				MARKETING_VERSION = 1.0;
				PRODUCT_BUNDLE_IDENTIFIER = "com.suy.Weather-ForecastTests";
				PRODUCT_NAME = "$(TARGET_NAME)";
				SWIFT_EMIT_LOC_STRINGS = NO;
				SWIFT_VERSION = 5.0;
				TARGETED_DEVICE_FAMILY = "1,2";
				TEST_HOST = "$(BUILT_PRODUCTS_DIR)/Weather_Forecast.app/Weather_Forecast";
			};
			name = Release;
		};
		F0B945D228576BC800DEB33B /* Debug */ = {
			isa = XCBuildConfiguration;
			buildSettings = {
				ALWAYS_EMBED_SWIFT_STANDARD_LIBRARIES = YES;
				CODE_SIGN_STYLE = Automatic;
				CURRENT_PROJECT_VERSION = 1;
				DEVELOPMENT_TEAM = QA5P85RJWN;
				GENERATE_INFOPLIST_FILE = YES;
				MARKETING_VERSION = 1.0;
				PRODUCT_BUNDLE_IDENTIFIER = "com.suy.Weather-ForecastUITests";
				PRODUCT_NAME = "$(TARGET_NAME)";
				SWIFT_EMIT_LOC_STRINGS = NO;
				SWIFT_VERSION = 5.0;
				TARGETED_DEVICE_FAMILY = "1,2";
				TEST_TARGET_NAME = Weather_Forecast;
			};
			name = Debug;
		};
		F0B945D328576BC800DEB33B /* Release */ = {
			isa = XCBuildConfiguration;
			buildSettings = {
				ALWAYS_EMBED_SWIFT_STANDARD_LIBRARIES = YES;
				CODE_SIGN_STYLE = Automatic;
				CURRENT_PROJECT_VERSION = 1;
				DEVELOPMENT_TEAM = QA5P85RJWN;
				GENERATE_INFOPLIST_FILE = YES;
				MARKETING_VERSION = 1.0;
				PRODUCT_BUNDLE_IDENTIFIER = "com.suy.Weather-ForecastUITests";
				PRODUCT_NAME = "$(TARGET_NAME)";
				SWIFT_EMIT_LOC_STRINGS = NO;
				SWIFT_VERSION = 5.0;
				TARGETED_DEVICE_FAMILY = "1,2";
				TEST_TARGET_NAME = Weather_Forecast;
			};
			name = Release;
		};
/* End XCBuildConfiguration section */

/* Begin XCConfigurationList section */
		F0B9459C28576BC500DEB33B /* Build configuration list for PBXProject "Weather_Forecast" */ = {
			isa = XCConfigurationList;
			buildConfigurations = (
				F0B945C928576BC800DEB33B /* Debug */,
				F0B945CA28576BC800DEB33B /* Release */,
			);
			defaultConfigurationIsVisible = 0;
			defaultConfigurationName = Release;
		};
		F0B945CB28576BC800DEB33B /* Build configuration list for PBXNativeTarget "Weather_Forecast" */ = {
			isa = XCConfigurationList;
			buildConfigurations = (
				F0B945CC28576BC800DEB33B /* Debug */,
				F0B945CD28576BC800DEB33B /* Release */,
			);
			defaultConfigurationIsVisible = 0;
			defaultConfigurationName = Release;
		};
		F0B945CE28576BC800DEB33B /* Build configuration list for PBXNativeTarget "Weather_ForecastTests" */ = {
			isa = XCConfigurationList;
			buildConfigurations = (
				F0B945CF28576BC800DEB33B /* Debug */,
				F0B945D028576BC800DEB33B /* Release */,
			);
			defaultConfigurationIsVisible = 0;
			defaultConfigurationName = Release;
		};
		F0B945D128576BC800DEB33B /* Build configuration list for PBXNativeTarget "Weather_ForecastUITests" */ = {
			isa = XCConfigurationList;
			buildConfigurations = (
				F0B945D228576BC800DEB33B /* Debug */,
				F0B945D328576BC800DEB33B /* Release */,
			);
			defaultConfigurationIsVisible = 0;
			defaultConfigurationName = Release;
		};
/* End XCConfigurationList section */
	};
	rootObject = F0B9459928576BC500DEB33B /* Project object */;
}
